
Microsoft Visual Studio Solution File, Format Version 12.00
# Visual Studio Version 17
VisualStudioVersion = 17.8.34330.188
MinimumVisualStudioVersion = 10.0.40219.1
Project("{FAE04EC0-301F-11D3-BF4B-00C04F79EFBC}") = "KalkulatorUnitTesting", "KalkulatorUnitTesting\KalkulatorUnitTesting.csproj", "{41D1AFC4-660F-4DAB-AE9F-B4E60F758EE8}"
EndProject
Project("{FAE04EC0-301F-11D3-BF4B-00C04F79EFBC}") = "KalkulatorUnitTestingTest", "KalkulatorUnitTestingTest\KalkulatorUnitTestingTest.csproj", "{5A919CBF-F176-4DF1-870C-8E0775A99DD6}"
EndProject
Global
	GlobalSection(SolutionConfigurationPlatforms) = preSolution
		Debug|Any CPU = Debug|Any CPU
		Release|Any CPU = Release|Any CPU
	EndGlobalSection
	GlobalSection(ProjectConfigurationPlatforms) = postSolution
		{41D1AFC4-660F-4DAB-AE9F-B4E60F758EE8}.Debug|Any CPU.ActiveCfg = Debug|Any CPU
		{41D1AFC4-660F-4DAB-AE9F-B4E60F758EE8}.Debug|Any CPU.Build.0 = Debug|Any CPU
		{41D1AFC4-660F-4DAB-AE9F-B4E60F758EE8}.Release|Any CPU.ActiveCfg = Release|Any CPU
		{41D1AFC4-660F-4DAB-AE9F-B4E60F758EE8}.Release|Any CPU.Build.0 = Release|Any CPU
		{5A919CBF-F176-4DF1-870C-8E0775A99DD6}.Debug|Any CPU.ActiveCfg = Debug|Any CPU
		{5A919CBF-F176-4DF1-870C-8E0775A99DD6}.Debug|Any CPU.Build.0 = Debug|Any CPU
		{5A919CBF-F176-4DF1-870C-8E0775A99DD6}.Release|Any CPU.ActiveCfg = Release|Any CPU
		{5A919CBF-F176-4DF1-870C-8E0775A99DD6}.Release|Any CPU.Build.0 = Release|Any CPU
	EndGlobalSection
	GlobalSection(SolutionProperties) = preSolution
		HideSolutionNode = FALSE
	EndGlobalSection
	GlobalSection(ExtensibilityGlobals) = postSolution
		SolutionGuid = {D9210DA8-8F97-4D68-A9C8-326A35463B79}
	EndGlobalSection
EndGlobal
